
Microsoft Visual Studio Solution File, Format Version 12.00
# Visual Studio 15
VisualStudioVersion = 15.0.26403.0
MinimumVisualStudioVersion = 10.0.40219.1
Project("{FAE04EC0-301F-11D3-BF4B-00C04F79EFBC}") = "SqlLocalDB.UI", "SqlLocalDB.UI\SqlLocalDB.UI.csproj", "{DF671F3A-8755-41A7-A6B4-847495E31AF1}"
EndProject
Global
	GlobalSection(SolutionConfigurationPlatforms) = preSolution
		Debug|Any CPU = Debug|Any CPU
		Release|Any CPU = Release|Any CPU
	EndGlobalSection
	GlobalSection(ProjectConfigurationPlatforms) = postSolution
		{DF671F3A-8755-41A7-A6B4-847495E31AF1}.Debug|Any CPU.ActiveCfg = Debug|Any CPU
		{DF671F3A-8755-41A7-A6B4-847495E31AF1}.Debug|Any CPU.Build.0 = Debug|Any CPU
		{DF671F3A-8755-41A7-A6B4-847495E31AF1}.Release|Any CPU.ActiveCfg = Release|Any CPU
		{DF671F3A-8755-41A7-A6B4-847495E31AF1}.Release|Any CPU.Build.0 = Release|Any CPU
	EndGlobalSection
	GlobalSection(SolutionProperties) = preSolution
		HideSolutionNode = FALSE
	EndGlobalSection
EndGlobal
